
Microsoft Visual Studio Solution File, Format Version 12.00
# Visual Studio Version 16
VisualStudioVersion = 16.0.29613.14
MinimumVisualStudioVersion = 10.0.40219.1
Project("{9A19103F-16F7-4668-BE54-9A1E7A4F7556}") = "WebApplication1", "WebApplication1\WebApplication1.csproj", "{3BAB42ED-26F9-4E56-BE21-BBF4B12F7B8C}"
EndProject
Project("{FAE04EC0-301F-11D3-BF4B-00C04F79EFBC}") = "ConsoleApp1", "ConsoleApp1\ConsoleApp1.csproj", "{90F6BEE8-FA5C-4418-9E5E-8B95DA1C78DA}"
EndProject
Global
	GlobalSection(SolutionConfigurationPlatforms) = preSolution
		Debug|Any CPU = Debug|Any CPU
		Release|Any CPU = Release|Any CPU
	EndGlobalSection
	GlobalSection(ProjectConfigurationPlatforms) = postSolution
		{3BAB42ED-26F9-4E56-BE21-BBF4B12F7B8C}.Debug|Any CPU.ActiveCfg = Debug|Any CPU
		{3BAB42ED-26F9-4E56-BE21-BBF4B12F7B8C}.Debug|Any CPU.Build.0 = Debug|Any CPU
		{3BAB42ED-26F9-4E56-BE21-BBF4B12F7B8C}.Release|Any CPU.ActiveCfg = Release|Any CPU
		{3BAB42ED-26F9-4E56-BE21-BBF4B12F7B8C}.Release|Any CPU.Build.0 = Release|Any CPU
		{90F6BEE8-FA5C-4418-9E5E-8B95DA1C78DA}.Debug|Any CPU.ActiveCfg = Debug|Any CPU
		{90F6BEE8-FA5C-4418-9E5E-8B95DA1C78DA}.Debug|Any CPU.Build.0 = Debug|Any CPU
		{90F6BEE8-FA5C-4418-9E5E-8B95DA1C78DA}.Release|Any CPU.ActiveCfg = Release|Any CPU
		{90F6BEE8-FA5C-4418-9E5E-8B95DA1C78DA}.Release|Any CPU.Build.0 = Release|Any CPU
	EndGlobalSection
	GlobalSection(SolutionProperties) = preSolution
		HideSolutionNode = FALSE
	EndGlobalSection
	GlobalSection(ExtensibilityGlobals) = postSolution
		SolutionGuid = {287FC198-633A-470A-828D-E999CCE35DE5}
	EndGlobalSection
EndGlobal
